{
  "nodes": {
    "agda": {
      "inputs": {
        "agda": "agda_2",
        "flake-utils": "flake-utils_2",
        "nixpkgs": "nixpkgs_2"
      },
      "locked": {
        "lastModified": 1698407357,
        "narHash": "sha256-WWxEbeuRvz6Grb/aNJ0qfXpAjc5kf5Jbo4IK8g5+AWE=",
        "owner": "determi-io",
        "repo": "agda-only-agda",
        "rev": "bce0101b58ae361da8af50368e121793cd86609a",
        "type": "github"
      },
      "original": {
        "owner": "determi-io",
        "repo": "agda-only-agda",
        "type": "github"
      }
    },
    "agda_2": {
      "inputs": {
        "flake-utils": "flake-utils",
        "nixpkgs": "nixpkgs"
      },
      "locked": {
        "lastModified": 1698399187,
        "narHash": "sha256-fhD8aaTW0a2h2nS8/HrnRM/YokgYHypIvF6eDCymiqE=",
        "owner": "determi-io",
        "repo": "agda",
        "rev": "3c5d5c95deb757d7f78fd138048ce260d7db8880",
        "type": "github"
      },
      "original": {
        "owner": "determi-io",
        "ref": "freeze-2023-10-25",
        "repo": "agda",
        "type": "github"
      }
    },
    "flake-utils": {
      "inputs": {
        "systems": "systems"
      },
      "locked": {
        "lastModified": 1694529238,
        "narHash": "sha256-zsNZZGTGnMOf9YpHKJqMSsa0dXbfmxeoJ7xHlrt+xmY=",
        "owner": "numtide",
        "repo": "flake-utils",
        "rev": "ff7b65b44d01cf9ba6a71320833626af21126384",
        "type": "github"
      },
      "original": {
        "owner": "numtide",
        "repo": "flake-utils",
        "type": "github"
      }
    },
    "flake-utils_2": {
      "locked": {
        "lastModified": 1678901627,
        "narHash": "sha256-U02riOqrKKzwjsxc/400XnElV+UtPUQWpANPlyazjH0=",
        "owner": "numtide",
        "repo": "flake-utils",
        "rev": "93a2b84fc4b70d9e089d029deacc3583435c2ed6",
        "type": "github"
      },
      "original": {
        "owner": "numtide",
        "repo": "flake-utils",
        "type": "github"
      }
    },
    "flake-utils_3": {
      "inputs": {
        "systems": "systems_2"
      },
      "locked": {
        "lastModified": 1694529238,
        "narHash": "sha256-zsNZZGTGnMOf9YpHKJqMSsa0dXbfmxeoJ7xHlrt+xmY=",
        "owner": "numtide",
        "repo": "flake-utils",
        "rev": "ff7b65b44d01cf9ba6a71320833626af21126384",
        "type": "github"
      },
      "original": {
        "owner": "numtide",
        "repo": "flake-utils",
        "type": "github"
      }
    },
    "nixpkgs": {
      "locked": {
        "lastModified": 1697793076,
        "narHash": "sha256-02e7sCuqLtkyRgrZmdOyvAcQTQdcXj+vpyp9bca6cY4=",
        "owner": "NixOS",
        "repo": "nixpkgs",
        "rev": "038b2922be3fc096e1d456f93f7d0f4090628729",
        "type": "github"
      },
      "original": {
        "owner": "NixOS",
        "repo": "nixpkgs",
        "rev": "038b2922be3fc096e1d456f93f7d0f4090628729",
        "type": "github"
      }
    },
    "nixpkgs_2": {
      "locked": {
        "lastModified": 1697793076,
        "narHash": "sha256-02e7sCuqLtkyRgrZmdOyvAcQTQdcXj+vpyp9bca6cY4=",
        "owner": "NixOS",
        "repo": "nixpkgs",
        "rev": "038b2922be3fc096e1d456f93f7d0f4090628729",
        "type": "github"
      },
      "original": {
        "owner": "NixOS",
        "repo": "nixpkgs",
        "rev": "038b2922be3fc096e1d456f93f7d0f4090628729",
        "type": "github"
      }
    },
    "nixpkgs_3": {
      "locked": {
        "lastModified": 1698061106,
        "narHash": "sha256-kRJmSeO92xeMZVHn6IZfoczjyBHaxicmvoKv+UXEks4=",
        "owner": "NixOS",
        "repo": "nixpkgs",
        "rev": "6c5458cf32ba8aff7db0fc15379ba375f944067b",
        "type": "github"
      },
      "original": {
        "owner": "NixOS",
        "repo": "nixpkgs",
        "type": "github"
      }
    },
    "root": {
      "inputs": {
        "agda": "agda",
        "flake-utils": "flake-utils_3",
        "nixpkgs": "nixpkgs_3"
      }
    },
    "systems": {
      "locked": {
        "lastModified": 1681028828,
        "narHash": "sha256-Vy1rq5AaRuLzOxct8nz4T6wlgyUR7zLU309k9mBC768=",
        "owner": "nix-systems",
        "repo": "default",
        "rev": "da67096a3b9bf56a91d16901293e51ba5b49a27e",
        "type": "github"
      },
      "original": {
        "owner": "nix-systems",
        "repo": "default",
        "type": "github"
      }
    },
    "systems_2": {
      "locked": {
        "lastModified": 1681028828,
        "narHash": "sha256-Vy1rq5AaRuLzOxct8nz4T6wlgyUR7zLU309k9mBC768=",
        "owner": "nix-systems",
        "repo": "default",
        "rev": "da67096a3b9bf56a91d16901293e51ba5b49a27e",
        "type": "github"
      },
      "original": {
        "owner": "nix-systems",
        "repo": "default",
        "type": "github"
      }
    }
  },
  "root": "root",
  "version": 7
}
